
Microsoft Visual Studio Solution File, Format Version 12.00
# Visual Studio Version 17
VisualStudioVersion = 17.2.32616.157
MinimumVisualStudioVersion = 10.0.40219.1
Project("{FAE04EC0-301F-11D3-BF4B-00C04F79EFBC}") = "ConsoleApp2", "ConsoleApp2\ConsoleApp2.csproj", "{24033491-5A48-4D3B-8B9A-18DF7667D69B}"
EndProject
Global
	GlobalSection(SolutionConfigurationPlatforms) = preSolution
		Debug|Any CPU = Debug|Any CPU
		Release|Any CPU = Release|Any CPU
	EndGlobalSection
	GlobalSection(ProjectConfigurationPlatforms) = postSolution
		{24033491-5A48-4D3B-8B9A-18DF7667D69B}.Debug|Any CPU.ActiveCfg = Debug|Any CPU
		{24033491-5A48-4D3B-8B9A-18DF7667D69B}.Debug|Any CPU.Build.0 = Debug|Any CPU
		{24033491-5A48-4D3B-8B9A-18DF7667D69B}.Release|Any CPU.ActiveCfg = Release|Any CPU
		{24033491-5A48-4D3B-8B9A-18DF7667D69B}.Release|Any CPU.Build.0 = Release|Any CPU
	EndGlobalSection
	GlobalSection(SolutionProperties) = preSolution
		HideSolutionNode = FALSE
	EndGlobalSection
	GlobalSection(ExtensibilityGlobals) = postSolution
		SolutionGuid = {B891E4CB-9D27-4B56-9138-BE6F0F850C7F}
	EndGlobalSection
EndGlobal
